
Microsoft Visual Studio Solution File, Format Version 12.00
# Visual Studio Version 17
VisualStudioVersion = 17.4.33205.214
MinimumVisualStudioVersion = 10.0.40219.1
Project("{9A19103F-16F7-4668-BE54-9A1E7A4F7556}") = "ProcessManipulator", "ProcessManipulator\ProcessManipulator.csproj", "{AC21B8B7-9AFB-4E5C-B5CB-CC4C006D91E2}"
EndProject
Project("{2150E333-8FDC-42A3-9474-1A3956D46DE8}") = "Глава 14. Процессы, домены приложений и контексты загрузки", "Глава 14. Процессы, домены приложений и контексты загрузки", "{7289C92A-A4C1-4496-BC70-7C2F3EC0E774}"
EndProject
Project("{9A19103F-16F7-4668-BE54-9A1E7A4F7556}") = "DefaultAppDomainApp", "DefaultAppDomainApp\DefaultAppDomainApp.csproj", "{5F2DA27F-778D-4FBB-85CB-C8B660E5CD91}"
EndProject
Project("{9A19103F-16F7-4668-BE54-9A1E7A4F7556}") = "ClassLibrary1", "ClassLibrary1\ClassLibrary1.csproj", "{3DB7CE38-51A3-4BE2-9609-AB91EE387021}"
EndProject
Project("{2150E333-8FDC-42A3-9474-1A3956D46DE8}") = "Глава 15. Multithread, parallel, async programming", "Глава 15. Multithread, parallel, async programming", "{A4A9BA95-589D-46DA-A65A-FEC8CD1FD4EB}"
EndProject
Project("{9A19103F-16F7-4668-BE54-9A1E7A4F7556}") = "DataParallelismWithForEach", "DataParallelismWithForEach\DataParallelismWithForEach.csproj", "{7B145D19-5939-4A3D-9C70-0DC343E1CCA4}"
EndProject
Project("{9A19103F-16F7-4668-BE54-9A1E7A4F7556}") = "PictureHandlerWithAsyncAwait", "PictureHandlerWithAsyncAwait\PictureHandlerWithAsyncAwait.csproj", "{A19FDBB2-67D0-4113-8111-5F7B2A277C31}"
EndProject
Project("{2150E333-8FDC-42A3-9474-1A3956D46DE8}") = "Глава 16. Построение и конфигурирование библиотек классов", "Глава 16. Построение и конфигурирование библиотек классов", "{6FBFD3A8-0A67-48C4-8163-3E4819A9F5BB}"
EndProject
Project("{9A19103F-16F7-4668-BE54-9A1E7A4F7556}") = "FunWithConfiguration", "FunWithConfiguration\FunWithConfiguration.csproj", "{B9B27047-77F9-4B05-AFD1-93998B1A8BED}"
EndProject
Project("{9A19103F-16F7-4668-BE54-9A1E7A4F7556}") = "CarLibrary", "CarLibrary\CarLibrary.csproj", "{41B2CDA9-077E-43FE-89F1-2069B3A9DBA3}"
EndProject
Project("{9A19103F-16F7-4668-BE54-9A1E7A4F7556}") = "CSharpCarClient", "CSharpCarClient\CSharpCarClient.csproj", "{09F36C7A-CFAD-4C8D-A6D8-4D4B78697362}"
EndProject
Project("{9A19103F-16F7-4668-BE54-9A1E7A4F7556}") = "FunWithProbingPaths", "FunWithProbingPaths\FunWithProbingPaths.csproj", "{C2569453-D280-4746-BC73-FE257290D867}"
EndProject
Project("{2150E333-8FDC-42A3-9474-1A3956D46DE8}") = "Глава 17. Рефлексия типов, позднее связывание, атрибуты", "Глава 17. Рефлексия типов, позднее связывание, атрибуты", "{65351CAB-0FC0-4C8D-BCAE-35CF4E306A1F}"
EndProject
Project("{9A19103F-16F7-4668-BE54-9A1E7A4F7556}") = "MyTypeViewer", "MyTypeViewer\MyTypeViewer.csproj", "{6BFCA641-6CDB-4546-A103-6CD28B78D899}"
EndProject
Project("{9A19103F-16F7-4668-BE54-9A1E7A4F7556}") = "ExternalAssemblyReflector", "ExternalAssemblyReflector\ExternalAssemblyReflector.csproj", "{0B6A65F0-2586-4F42-B77A-6A933B98B00A}"
EndProject
Project("{9A19103F-16F7-4668-BE54-9A1E7A4F7556}") = "FrameworkAssemblyViewer", "FrameworkAssemblyViewer\FrameworkAssemblyViewer.csproj", "{C18EF198-55B8-46DB-A950-20E542C4B914}"
EndProject
Project("{2150E333-8FDC-42A3-9474-1A3956D46DE8}") = "ExtendableApp", "ExtendableApp", "{1E2F1DF4-8012-467F-9F36-83D5EFFC64B1}"
EndProject
Project("{9A19103F-16F7-4668-BE54-9A1E7A4F7556}") = "CommonSnappableTypes", "CommonSnappableTypes\CommonSnappableTypes.csproj", "{AAB0F77E-C97E-42F5-8931-8E2B6027CFC3}"
EndProject
Project("{9A19103F-16F7-4668-BE54-9A1E7A4F7556}") = "CSharpSnapIn", "CSharpSnapIn\CSharpSnapIn.csproj", "{FE6B29AD-56C2-40DC-8B45-BEF96B3B46B5}"
EndProject
Project("{778DAE3C-4631-46EA-AA77-85C1314464D9}") = "VBSnapIn", "VBSnapIn\VBSnapIn.vbproj", "{9A2C54CE-EA2B-48CD-8C6F-E579C7337168}"
EndProject
Project("{9A19103F-16F7-4668-BE54-9A1E7A4F7556}") = "MyExtendableApp", "MyExtendableApp\MyExtendableApp.csproj", "{4A4499BF-979E-4C55-B053-BF0C56F0565E}"
	ProjectSection(ProjectDependencies) = postProject
		{9A2C54CE-EA2B-48CD-8C6F-E579C7337168} = {9A2C54CE-EA2B-48CD-8C6F-E579C7337168}
		{AAB0F77E-C97E-42F5-8931-8E2B6027CFC3} = {AAB0F77E-C97E-42F5-8931-8E2B6027CFC3}
		{FE6B29AD-56C2-40DC-8B45-BEF96B3B46B5} = {FE6B29AD-56C2-40DC-8B45-BEF96B3B46B5}
	EndProjectSection
EndProject
Project("{2150E333-8FDC-42A3-9474-1A3956D46DE8}") = "Глава 18. Динамические типы и среда DLR", "Глава 18. Динамические типы и среда DLR", "{00976398-ADD1-44B6-851D-C5B2A8A1DF52}"
EndProject
Project("{9A19103F-16F7-4668-BE54-9A1E7A4F7556}") = "ExportDataToOfficeApp", "ExportDataToOfficeApp\ExportDataToOfficeApp.csproj", "{E5A7B58B-B995-4519-9CD9-690829CBB65F}"
EndProject
Project("{2150E333-8FDC-42A3-9474-1A3956D46DE8}") = "Глава 19. Язык CIL и роль динамических сборок", "Глава 19. Язык CIL и роль динамических сборок", "{9EC2DE41-3638-471E-8A75-6B08266C732A}"
EndProject
Project("{9A19103F-16F7-4668-BE54-9A1E7A4F7556}") = "RoundTrip", "RoundTrip\RoundTrip.csproj", "{044E4012-FF32-4115-B999-5D94A81D0B30}"
EndProject
Project("{9A19103F-16F7-4668-BE54-9A1E7A4F7556}") = "MyAsmBuilder", "MyAsmBuilder\MyAsmBuilder.csproj", "{13338266-90DA-44E8-B498-A948E629BB69}"
EndProject
Project("{2150E333-8FDC-42A3-9474-1A3956D46DE8}") = "Глава 20. Файловый ввод-вывод и сериализация объектов", "Глава 20. Файловый ввод-вывод и сериализация объектов", "{F373792C-F210-4CD8-B48B-25CDA015291A}"
EndProject
Project("{9A19103F-16F7-4668-BE54-9A1E7A4F7556}") = "DirectoryApp", "DirectoryApp\DirectoryApp.csproj", "{0DC049C3-9824-430E-B83D-CB03A579B980}"
EndProject
Project("{9A19103F-16F7-4668-BE54-9A1E7A4F7556}") = "DriveInfoApp", "DriveInfoApp\DriveInfoApp.csproj", "{F574AB45-3831-4361-8134-41C8F45A12B5}"
EndProject
Project("{9A19103F-16F7-4668-BE54-9A1E7A4F7556}") = "SimpleFileIO", "SimpleFileIO\SimpleFileIO.csproj", "{6E948AAE-7295-49B2-B742-B2BCC7E27291}"
EndProject
Project("{9A19103F-16F7-4668-BE54-9A1E7A4F7556}") = "FileStreamApp", "FileStreamApp\FileStreamApp.csproj", "{D02F39BC-E9C9-416B-A732-418EBD342C18}"
EndProject
Project("{9A19103F-16F7-4668-BE54-9A1E7A4F7556}") = "StreamWriterReaderApp", "StreamWriterReaderApp\StreamWriterReaderApp.csproj", "{CE77650D-C8C6-420B-9F59-DF4E8B103C88}"
EndProject
Project("{9A19103F-16F7-4668-BE54-9A1E7A4F7556}") = "BinaryWriterReader", "BinaryWriterReader\BinaryWriterReader.csproj", "{D27A6E45-396C-41DD-9BD1-34BB2A764CBD}"
EndProject
Project("{9A19103F-16F7-4668-BE54-9A1E7A4F7556}") = "MyDirectoryWatcher", "MyDirectoryWatcher\MyDirectoryWatcher.csproj", "{709A4F4A-4F91-4536-A60F-8099DF0CC4F1}"
EndProject
Project("{9A19103F-16F7-4668-BE54-9A1E7A4F7556}") = "SimpleSerialize", "SimpleSerialize\SimpleSerialize.csproj", "{B013E44A-DBF7-4B78-A2D9-7E3278FB14FC}"
EndProject
Project("{2150E333-8FDC-42A3-9474-1A3956D46DE8}") = "Примеры с Metanit.com", "Примеры с Metanit.com", "{D432631D-AF66-4259-AEED-6F0EB7C01509}"
EndProject
Project("{9A19103F-16F7-4668-BE54-9A1E7A4F7556}") = "DelegateBankAccount", "DelegateBankAccount\DelegateBankAccount.csproj", "{C26EC2B8-5B39-4B7A-A8B3-F2445461E355}"
EndProject
Project("{9A19103F-16F7-4668-BE54-9A1E7A4F7556}") = "EventBankAccount", "EventBankAccount\EventBankAccount.csproj", "{BA8ACE38-C73F-4881-92D4-E4C3BB07839F}"
EndProject
Project("{2150E333-8FDC-42A3-9474-1A3956D46DE8}") = "Глава 21. ADO.NET", "Глава 21. ADO.NET", "{2D86B0BA-B035-43F5-BC1D-F752E3C6767D}"
EndProject
Project("{9A19103F-16F7-4668-BE54-9A1E7A4F7556}") = "MyConnectionFactory", "MyConnectionFactory\MyConnectionFactory.csproj", "{F0A1C8D4-D851-4920-B3FA-ED1FD8EEEE98}"
EndProject
Project("{9A19103F-16F7-4668-BE54-9A1E7A4F7556}") = "DataProviderFactory", "DataProviderFactory\DataProviderFactory.csproj", "{0C60579E-00C6-40DB-AAC8-123FCC3F4B36}"
EndProject
Project("{9A19103F-16F7-4668-BE54-9A1E7A4F7556}") = "AutoLot.DataReader", "Autolot.DataReader\AutoLot.DataReader.csproj", "{86DB65F4-45CE-4496-B6CB-0BF727B40EE9}"
EndProject
Project("{9A19103F-16F7-4668-BE54-9A1E7A4F7556}") = "AutoLot.DAL.old", "AutoLot.DAL\AutoLot.DAL.old.csproj", "{F2A39E3E-A849-4010-9A83-6E491084BDE6}"
EndProject
Project("{2150E333-8FDC-42A3-9474-1A3956D46DE8}") = "Глава 24. Введение в WPF и XAML", "Глава 24. Введение в WPF и XAML", "{C10017C9-4AEB-4668-9B03-F380706E1190}"
EndProject
Project("{9A19103F-16F7-4668-BE54-9A1E7A4F7556}") = "WpfTesterApp", "WpfTesterApp\WpfTesterApp.csproj", "{F8AC486F-037C-4E52-ADF5-D3AD15F5F820}"
EndProject
Project("{9A19103F-16F7-4668-BE54-9A1E7A4F7556}") = "MyWordPad", "MyWordPad\MyWordPad.csproj", "{766711B7-A394-411A-B325-DA8D13B785A0}"
EndProject
Project("{9A19103F-16F7-4668-BE54-9A1E7A4F7556}") = "WpfRoutedEvents", "WpfRoutedEvents\WpfRoutedEvents.csproj", "{798F0D56-E122-4269-BBB0-E985BA953DD8}"
EndProject
Project("{9A19103F-16F7-4668-BE54-9A1E7A4F7556}") = "WpfControlsAndAPIs", "WpfControlsAndAPIs\WpfControlsAndAPIs.csproj", "{C9C7E9E2-9C9C-4BB1-847E-E4AE20AF13EF}"
EndProject
Project("{2150E333-8FDC-42A3-9474-1A3956D46DE8}") = "Глава 25. Элементы компоновки, события, привязка данных в WPF", "Глава 25. Элементы компоновки, события, привязка данных в WPF", "{1415BB13-8CE4-4E54-BFC0-E6AE1FC0CC52}"
EndProject
Project("{2150E333-8FDC-42A3-9474-1A3956D46DE8}") = "AutoLot.Dal.Project", "AutoLot.Dal.Project", "{FE7E5FEF-EBBE-453F-BBE7-BD9C8DD529DB}"
EndProject
Project("{9A19103F-16F7-4668-BE54-9A1E7A4F7556}") = "AutoLot.Client", "AutoLot.Client\AutoLot.Client.csproj", "{894DBB9E-5024-41D8-8455-9A0774379A6E}"
EndProject
Project("{2150E333-8FDC-42A3-9474-1A3956D46DE8}") = "Глава 22. Введение в Entity Framework Core", "Глава 22. Введение в Entity Framework Core", "{5C792E67-35A9-43D9-AA20-56CB26A16355}"
EndProject
Project("{9A19103F-16F7-4668-BE54-9A1E7A4F7556}") = "AutoLot.Samples", "AutoLot.Samples\AutoLot.Samples.csproj", "{A9FA7B11-B7DF-4449-8DCC-D4B7B090BBEC}"
EndProject
Project("{2150E333-8FDC-42A3-9474-1A3956D46DE8}") = "Глава 23. Построение уровня доступа к данным с помощью EF Core", "Глава 23. Построение уровня доступа к данным с помощью EF Core", "{552FE27B-C569-49DD-9282-E502F0AE7411}"
EndProject
Project("{9A19103F-16F7-4668-BE54-9A1E7A4F7556}") = "AutoLot.Models", "AutoLot.Models\AutoLot.Models.csproj", "{6CC7F0B0-C5CC-455D-A936-10CCFC9A7676}"
EndProject
Project("{9A19103F-16F7-4668-BE54-9A1E7A4F7556}") = "AutoLot.Dal", "AutoLot.Dal\AutoLot.Dal.csproj", "{3D4C85EC-2A0A-4FA7-90C7-A83684F85BC2}"
EndProject
Project("{9A19103F-16F7-4668-BE54-9A1E7A4F7556}") = "AutoLot.Dal.Tests", "AutoLot.Dal.Tests\AutoLot.Dal.Tests.csproj", "{623F8574-EFFA-4234-9C51-BEC273372B5E}"
EndProject
Project("{9A19103F-16F7-4668-BE54-9A1E7A4F7556}") = "CustomDependencyProperty", "CustomDependencyProperty\CustomDependencyProperty.csproj", "{4F6E5CD5-18D2-40F2-A1C6-0362AE83DCF4}"
EndProject
Project("{2150E333-8FDC-42A3-9474-1A3956D46DE8}") = "Глава 26. Службы визуализации графики WPF", "Глава 26. Службы визуализации графики WPF", "{FF4AC99B-0809-413D-9909-44A348A1CA87}"
EndProject
Project("{9A19103F-16F7-4668-BE54-9A1E7A4F7556}") = "RenderingWithShapes", "RenderingWithShapes\RenderingWithShapes.csproj", "{4921E7F0-880B-42DF-A8B9-5058DA555794}"
EndProject
Project("{2150E333-8FDC-42A3-9474-1A3956D46DE8}") = "Глава 27. Ресурсы, анимация, стили и шаблоны WPF", "Глава 27. Ресурсы, анимация, стили и шаблоны WPF", "{74E60A3A-D40B-4150-A660-6D93D08ACBAA}"
EndProject
Project("{9A19103F-16F7-4668-BE54-9A1E7A4F7556}") = "BinaryResourcesApp", "BinaryResourcesApp\BinaryResourcesApp.csproj", "{B1FFF1C9-C89A-49B1-9BCF-29B94EAFD21F}"
EndProject
Project("{9A19103F-16F7-4668-BE54-9A1E7A4F7556}") = "FunWithTransforms", "FunWithTransforms\FunWithTransforms.csproj", "{DB39102C-6084-4654-A916-DC2F58A1BA23}"
EndProject
Project("{9A19103F-16F7-4668-BE54-9A1E7A4F7556}") = "RenderingWithVisuals", "RenderingWithVisuals\RenderingWithVisuals.csproj", "{AE7FE91A-16FA-44EB-8EE0-A6F47ED06CE7}"
EndProject
Project("{9A19103F-16F7-4668-BE54-9A1E7A4F7556}") = "InteractiveLaserSign", "InteractiveLaserSign\InteractiveLaserSign.csproj", "{A06B628F-FAF3-4EDA-8EF0-B1E7643667C3}"
EndProject
Project("{9A19103F-16F7-4668-BE54-9A1E7A4F7556}") = "ObjectResourcesApp", "ObjectResourcesApp\ObjectResourcesApp.csproj", "{121E5C55-7593-447A-8B11-8EEB20232654}"
EndProject
Project("{2150E333-8FDC-42A3-9474-1A3956D46DE8}") = "Глава 28. Уведомления WPF, достоверность, команды, MVVM", "Глава 28. Уведомления WPF, достоверность, команды, MVVM", "{C6DA1979-1EE8-4BDF-9E56-6A6FDE247B82}"
EndProject
Project("{9A19103F-16F7-4668-BE54-9A1E7A4F7556}") = "WpfNotifications", "WpfNotifications\WpfNotifications.csproj", "{6CB9398C-4D7A-4607-B62A-47A65F12AA4E}"
EndProject
Project("{9A19103F-16F7-4668-BE54-9A1E7A4F7556}") = "WpfValidations", "WpfValidations\WpfValidations.csproj", "{1A960BE4-C120-4514-8007-EA8E7DB67949}"
EndProject
Project("{2150E333-8FDC-42A3-9474-1A3956D46DE8}") = "Глава 29. Введение в ASP.NET Core", "Глава 29. Введение в ASP.NET Core", "{EDCAF71A-FCD2-4980-BDF1-DB49B27B3F85}"
EndProject
Project("{9A19103F-16F7-4668-BE54-9A1E7A4F7556}") = "AutoLot.Api", "AutoLot.Api\AutoLot.Api.csproj", "{BEF970A1-BA67-408E-8197-5FA712127946}"
EndProject
Project("{9A19103F-16F7-4668-BE54-9A1E7A4F7556}") = "AutoLot.Mvc", "AutoLot.Mvc\AutoLot.Mvc.csproj", "{B5D1C010-8372-4F66-8441-4BEBE75FB418}"
EndProject
Project("{9A19103F-16F7-4668-BE54-9A1E7A4F7556}") = "AutoLot.Services", "AutoLot.Services\AutoLot.Services.csproj", "{4AD2338D-6132-4FD8-8343-9AF548E467BB}"
EndProject
Global
	GlobalSection(SolutionConfigurationPlatforms) = preSolution
		Debug|Any CPU = Debug|Any CPU
		Release|Any CPU = Release|Any CPU
	EndGlobalSection
	GlobalSection(ProjectConfigurationPlatforms) = postSolution
		{AC21B8B7-9AFB-4E5C-B5CB-CC4C006D91E2}.Debug|Any CPU.ActiveCfg = Debug|Any CPU
		{AC21B8B7-9AFB-4E5C-B5CB-CC4C006D91E2}.Debug|Any CPU.Build.0 = Debug|Any CPU
		{AC21B8B7-9AFB-4E5C-B5CB-CC4C006D91E2}.Release|Any CPU.ActiveCfg = Release|Any CPU
		{AC21B8B7-9AFB-4E5C-B5CB-CC4C006D91E2}.Release|Any CPU.Build.0 = Release|Any CPU
		{5F2DA27F-778D-4FBB-85CB-C8B660E5CD91}.Debug|Any CPU.ActiveCfg = Debug|Any CPU
		{5F2DA27F-778D-4FBB-85CB-C8B660E5CD91}.Debug|Any CPU.Build.0 = Debug|Any CPU
		{5F2DA27F-778D-4FBB-85CB-C8B660E5CD91}.Release|Any CPU.ActiveCfg = Release|Any CPU
		{5F2DA27F-778D-4FBB-85CB-C8B660E5CD91}.Release|Any CPU.Build.0 = Release|Any CPU
		{3DB7CE38-51A3-4BE2-9609-AB91EE387021}.Debug|Any CPU.ActiveCfg = Debug|Any CPU
		{3DB7CE38-51A3-4BE2-9609-AB91EE387021}.Debug|Any CPU.Build.0 = Debug|Any CPU
		{3DB7CE38-51A3-4BE2-9609-AB91EE387021}.Release|Any CPU.ActiveCfg = Release|Any CPU
		{3DB7CE38-51A3-4BE2-9609-AB91EE387021}.Release|Any CPU.Build.0 = Release|Any CPU
		{7B145D19-5939-4A3D-9C70-0DC343E1CCA4}.Debug|Any CPU.ActiveCfg = Debug|Any CPU
		{7B145D19-5939-4A3D-9C70-0DC343E1CCA4}.Debug|Any CPU.Build.0 = Debug|Any CPU
		{7B145D19-5939-4A3D-9C70-0DC343E1CCA4}.Release|Any CPU.ActiveCfg = Release|Any CPU
		{7B145D19-5939-4A3D-9C70-0DC343E1CCA4}.Release|Any CPU.Build.0 = Release|Any CPU
		{A19FDBB2-67D0-4113-8111-5F7B2A277C31}.Debug|Any CPU.ActiveCfg = Debug|Any CPU
		{A19FDBB2-67D0-4113-8111-5F7B2A277C31}.Debug|Any CPU.Build.0 = Debug|Any CPU
		{A19FDBB2-67D0-4113-8111-5F7B2A277C31}.Release|Any CPU.ActiveCfg = Release|Any CPU
		{A19FDBB2-67D0-4113-8111-5F7B2A277C31}.Release|Any CPU.Build.0 = Release|Any CPU
		{B9B27047-77F9-4B05-AFD1-93998B1A8BED}.Debug|Any CPU.ActiveCfg = Debug|Any CPU
		{B9B27047-77F9-4B05-AFD1-93998B1A8BED}.Debug|Any CPU.Build.0 = Debug|Any CPU
		{B9B27047-77F9-4B05-AFD1-93998B1A8BED}.Release|Any CPU.ActiveCfg = Release|Any CPU
		{B9B27047-77F9-4B05-AFD1-93998B1A8BED}.Release|Any CPU.Build.0 = Release|Any CPU
		{41B2CDA9-077E-43FE-89F1-2069B3A9DBA3}.Debug|Any CPU.ActiveCfg = Debug|Any CPU
		{41B2CDA9-077E-43FE-89F1-2069B3A9DBA3}.Debug|Any CPU.Build.0 = Debug|Any CPU
		{41B2CDA9-077E-43FE-89F1-2069B3A9DBA3}.Release|Any CPU.ActiveCfg = Release|Any CPU
		{41B2CDA9-077E-43FE-89F1-2069B3A9DBA3}.Release|Any CPU.Build.0 = Release|Any CPU
		{09F36C7A-CFAD-4C8D-A6D8-4D4B78697362}.Debug|Any CPU.ActiveCfg = Debug|Any CPU
		{09F36C7A-CFAD-4C8D-A6D8-4D4B78697362}.Debug|Any CPU.Build.0 = Debug|Any CPU
		{09F36C7A-CFAD-4C8D-A6D8-4D4B78697362}.Release|Any CPU.ActiveCfg = Release|Any CPU
		{09F36C7A-CFAD-4C8D-A6D8-4D4B78697362}.Release|Any CPU.Build.0 = Release|Any CPU
		{C2569453-D280-4746-BC73-FE257290D867}.Debug|Any CPU.ActiveCfg = Debug|Any CPU
		{C2569453-D280-4746-BC73-FE257290D867}.Debug|Any CPU.Build.0 = Debug|Any CPU
		{C2569453-D280-4746-BC73-FE257290D867}.Release|Any CPU.ActiveCfg = Release|Any CPU
		{C2569453-D280-4746-BC73-FE257290D867}.Release|Any CPU.Build.0 = Release|Any CPU
		{6BFCA641-6CDB-4546-A103-6CD28B78D899}.Debug|Any CPU.ActiveCfg = Debug|Any CPU
		{6BFCA641-6CDB-4546-A103-6CD28B78D899}.Debug|Any CPU.Build.0 = Debug|Any CPU
		{6BFCA641-6CDB-4546-A103-6CD28B78D899}.Release|Any CPU.ActiveCfg = Release|Any CPU
		{6BFCA641-6CDB-4546-A103-6CD28B78D899}.Release|Any CPU.Build.0 = Release|Any CPU
		{0B6A65F0-2586-4F42-B77A-6A933B98B00A}.Debug|Any CPU.ActiveCfg = Debug|Any CPU
		{0B6A65F0-2586-4F42-B77A-6A933B98B00A}.Debug|Any CPU.Build.0 = Debug|Any CPU
		{0B6A65F0-2586-4F42-B77A-6A933B98B00A}.Release|Any CPU.ActiveCfg = Release|Any CPU
		{0B6A65F0-2586-4F42-B77A-6A933B98B00A}.Release|Any CPU.Build.0 = Release|Any CPU
		{C18EF198-55B8-46DB-A950-20E542C4B914}.Debug|Any CPU.ActiveCfg = Debug|Any CPU
		{C18EF198-55B8-46DB-A950-20E542C4B914}.Debug|Any CPU.Build.0 = Debug|Any CPU
		{C18EF198-55B8-46DB-A950-20E542C4B914}.Release|Any CPU.ActiveCfg = Release|Any CPU
		{C18EF198-55B8-46DB-A950-20E542C4B914}.Release|Any CPU.Build.0 = Release|Any CPU
		{AAB0F77E-C97E-42F5-8931-8E2B6027CFC3}.Debug|Any CPU.ActiveCfg = Debug|Any CPU
		{AAB0F77E-C97E-42F5-8931-8E2B6027CFC3}.Debug|Any CPU.Build.0 = Debug|Any CPU
		{AAB0F77E-C97E-42F5-8931-8E2B6027CFC3}.Release|Any CPU.ActiveCfg = Release|Any CPU
		{AAB0F77E-C97E-42F5-8931-8E2B6027CFC3}.Release|Any CPU.Build.0 = Release|Any CPU
		{FE6B29AD-56C2-40DC-8B45-BEF96B3B46B5}.Debug|Any CPU.ActiveCfg = Debug|Any CPU
		{FE6B29AD-56C2-40DC-8B45-BEF96B3B46B5}.Debug|Any CPU.Build.0 = Debug|Any CPU
		{FE6B29AD-56C2-40DC-8B45-BEF96B3B46B5}.Release|Any CPU.ActiveCfg = Release|Any CPU
		{FE6B29AD-56C2-40DC-8B45-BEF96B3B46B5}.Release|Any CPU.Build.0 = Release|Any CPU
		{9A2C54CE-EA2B-48CD-8C6F-E579C7337168}.Debug|Any CPU.ActiveCfg = Debug|Any CPU
		{9A2C54CE-EA2B-48CD-8C6F-E579C7337168}.Debug|Any CPU.Build.0 = Debug|Any CPU
		{9A2C54CE-EA2B-48CD-8C6F-E579C7337168}.Release|Any CPU.ActiveCfg = Release|Any CPU
		{9A2C54CE-EA2B-48CD-8C6F-E579C7337168}.Release|Any CPU.Build.0 = Release|Any CPU
		{4A4499BF-979E-4C55-B053-BF0C56F0565E}.Debug|Any CPU.ActiveCfg = Debug|Any CPU
		{4A4499BF-979E-4C55-B053-BF0C56F0565E}.Debug|Any CPU.Build.0 = Debug|Any CPU
		{4A4499BF-979E-4C55-B053-BF0C56F0565E}.Release|Any CPU.ActiveCfg = Release|Any CPU
		{4A4499BF-979E-4C55-B053-BF0C56F0565E}.Release|Any CPU.Build.0 = Release|Any CPU
		{E5A7B58B-B995-4519-9CD9-690829CBB65F}.Debug|Any CPU.ActiveCfg = Debug|Any CPU
		{E5A7B58B-B995-4519-9CD9-690829CBB65F}.Debug|Any CPU.Build.0 = Debug|Any CPU
		{E5A7B58B-B995-4519-9CD9-690829CBB65F}.Release|Any CPU.ActiveCfg = Release|Any CPU
		{E5A7B58B-B995-4519-9CD9-690829CBB65F}.Release|Any CPU.Build.0 = Release|Any CPU
		{044E4012-FF32-4115-B999-5D94A81D0B30}.Debug|Any CPU.ActiveCfg = Debug|Any CPU
		{044E4012-FF32-4115-B999-5D94A81D0B30}.Debug|Any CPU.Build.0 = Debug|Any CPU
		{044E4012-FF32-4115-B999-5D94A81D0B30}.Release|Any CPU.ActiveCfg = Release|Any CPU
		{044E4012-FF32-4115-B999-5D94A81D0B30}.Release|Any CPU.Build.0 = Release|Any CPU
		{13338266-90DA-44E8-B498-A948E629BB69}.Debug|Any CPU.ActiveCfg = Debug|Any CPU
		{13338266-90DA-44E8-B498-A948E629BB69}.Debug|Any CPU.Build.0 = Debug|Any CPU
		{13338266-90DA-44E8-B498-A948E629BB69}.Release|Any CPU.ActiveCfg = Release|Any CPU
		{13338266-90DA-44E8-B498-A948E629BB69}.Release|Any CPU.Build.0 = Release|Any CPU
		{0DC049C3-9824-430E-B83D-CB03A579B980}.Debug|Any CPU.ActiveCfg = Debug|Any CPU
		{0DC049C3-9824-430E-B83D-CB03A579B980}.Debug|Any CPU.Build.0 = Debug|Any CPU
		{0DC049C3-9824-430E-B83D-CB03A579B980}.Release|Any CPU.ActiveCfg = Release|Any CPU
		{0DC049C3-9824-430E-B83D-CB03A579B980}.Release|Any CPU.Build.0 = Release|Any CPU
		{F574AB45-3831-4361-8134-41C8F45A12B5}.Debug|Any CPU.ActiveCfg = Debug|Any CPU
		{F574AB45-3831-4361-8134-41C8F45A12B5}.Debug|Any CPU.Build.0 = Debug|Any CPU
		{F574AB45-3831-4361-8134-41C8F45A12B5}.Release|Any CPU.ActiveCfg = Release|Any CPU
		{F574AB45-3831-4361-8134-41C8F45A12B5}.Release|Any CPU.Build.0 = Release|Any CPU
		{6E948AAE-7295-49B2-B742-B2BCC7E27291}.Debug|Any CPU.ActiveCfg = Debug|Any CPU
		{6E948AAE-7295-49B2-B742-B2BCC7E27291}.Debug|Any CPU.Build.0 = Debug|Any CPU
		{6E948AAE-7295-49B2-B742-B2BCC7E27291}.Release|Any CPU.ActiveCfg = Release|Any CPU
		{6E948AAE-7295-49B2-B742-B2BCC7E27291}.Release|Any CPU.Build.0 = Release|Any CPU
		{D02F39BC-E9C9-416B-A732-418EBD342C18}.Debug|Any CPU.ActiveCfg = Debug|Any CPU
		{D02F39BC-E9C9-416B-A732-418EBD342C18}.Debug|Any CPU.Build.0 = Debug|Any CPU
		{D02F39BC-E9C9-416B-A732-418EBD342C18}.Release|Any CPU.ActiveCfg = Release|Any CPU
		{D02F39BC-E9C9-416B-A732-418EBD342C18}.Release|Any CPU.Build.0 = Release|Any CPU
		{CE77650D-C8C6-420B-9F59-DF4E8B103C88}.Debug|Any CPU.ActiveCfg = Debug|Any CPU
		{CE77650D-C8C6-420B-9F59-DF4E8B103C88}.Debug|Any CPU.Build.0 = Debug|Any CPU
		{CE77650D-C8C6-420B-9F59-DF4E8B103C88}.Release|Any CPU.ActiveCfg = Release|Any CPU
		{CE77650D-C8C6-420B-9F59-DF4E8B103C88}.Release|Any CPU.Build.0 = Release|Any CPU
		{D27A6E45-396C-41DD-9BD1-34BB2A764CBD}.Debug|Any CPU.ActiveCfg = Debug|Any CPU
		{D27A6E45-396C-41DD-9BD1-34BB2A764CBD}.Debug|Any CPU.Build.0 = Debug|Any CPU
		{D27A6E45-396C-41DD-9BD1-34BB2A764CBD}.Release|Any CPU.ActiveCfg = Release|Any CPU
		{D27A6E45-396C-41DD-9BD1-34BB2A764CBD}.Release|Any CPU.Build.0 = Release|Any CPU
		{709A4F4A-4F91-4536-A60F-8099DF0CC4F1}.Debug|Any CPU.ActiveCfg = Debug|Any CPU
		{709A4F4A-4F91-4536-A60F-8099DF0CC4F1}.Debug|Any CPU.Build.0 = Debug|Any CPU
		{709A4F4A-4F91-4536-A60F-8099DF0CC4F1}.Release|Any CPU.ActiveCfg = Release|Any CPU
		{709A4F4A-4F91-4536-A60F-8099DF0CC4F1}.Release|Any CPU.Build.0 = Release|Any CPU
		{B013E44A-DBF7-4B78-A2D9-7E3278FB14FC}.Debug|Any CPU.ActiveCfg = Debug|Any CPU
		{B013E44A-DBF7-4B78-A2D9-7E3278FB14FC}.Debug|Any CPU.Build.0 = Debug|Any CPU
		{B013E44A-DBF7-4B78-A2D9-7E3278FB14FC}.Release|Any CPU.ActiveCfg = Release|Any CPU
		{B013E44A-DBF7-4B78-A2D9-7E3278FB14FC}.Release|Any CPU.Build.0 = Release|Any CPU
		{C26EC2B8-5B39-4B7A-A8B3-F2445461E355}.Debug|Any CPU.ActiveCfg = Debug|Any CPU
		{C26EC2B8-5B39-4B7A-A8B3-F2445461E355}.Debug|Any CPU.Build.0 = Debug|Any CPU
		{C26EC2B8-5B39-4B7A-A8B3-F2445461E355}.Release|Any CPU.ActiveCfg = Release|Any CPU
		{C26EC2B8-5B39-4B7A-A8B3-F2445461E355}.Release|Any CPU.Build.0 = Release|Any CPU
		{BA8ACE38-C73F-4881-92D4-E4C3BB07839F}.Debug|Any CPU.ActiveCfg = Debug|Any CPU
		{BA8ACE38-C73F-4881-92D4-E4C3BB07839F}.Debug|Any CPU.Build.0 = Debug|Any CPU
		{BA8ACE38-C73F-4881-92D4-E4C3BB07839F}.Release|Any CPU.ActiveCfg = Release|Any CPU
		{BA8ACE38-C73F-4881-92D4-E4C3BB07839F}.Release|Any CPU.Build.0 = Release|Any CPU
		{F0A1C8D4-D851-4920-B3FA-ED1FD8EEEE98}.Debug|Any CPU.ActiveCfg = Debug|Any CPU
		{F0A1C8D4-D851-4920-B3FA-ED1FD8EEEE98}.Debug|Any CPU.Build.0 = Debug|Any CPU
		{F0A1C8D4-D851-4920-B3FA-ED1FD8EEEE98}.Release|Any CPU.ActiveCfg = Release|Any CPU
		{F0A1C8D4-D851-4920-B3FA-ED1FD8EEEE98}.Release|Any CPU.Build.0 = Release|Any CPU
		{0C60579E-00C6-40DB-AAC8-123FCC3F4B36}.Debug|Any CPU.ActiveCfg = Debug|Any CPU
		{0C60579E-00C6-40DB-AAC8-123FCC3F4B36}.Debug|Any CPU.Build.0 = Debug|Any CPU
		{0C60579E-00C6-40DB-AAC8-123FCC3F4B36}.Release|Any CPU.ActiveCfg = Release|Any CPU
		{0C60579E-00C6-40DB-AAC8-123FCC3F4B36}.Release|Any CPU.Build.0 = Release|Any CPU
		{86DB65F4-45CE-4496-B6CB-0BF727B40EE9}.Debug|Any CPU.ActiveCfg = Debug|Any CPU
		{86DB65F4-45CE-4496-B6CB-0BF727B40EE9}.Debug|Any CPU.Build.0 = Debug|Any CPU
		{86DB65F4-45CE-4496-B6CB-0BF727B40EE9}.Release|Any CPU.ActiveCfg = Release|Any CPU
		{86DB65F4-45CE-4496-B6CB-0BF727B40EE9}.Release|Any CPU.Build.0 = Release|Any CPU
		{F2A39E3E-A849-4010-9A83-6E491084BDE6}.Debug|Any CPU.ActiveCfg = Debug|Any CPU
		{F2A39E3E-A849-4010-9A83-6E491084BDE6}.Debug|Any CPU.Build.0 = Debug|Any CPU
		{F2A39E3E-A849-4010-9A83-6E491084BDE6}.Release|Any CPU.ActiveCfg = Release|Any CPU
		{F2A39E3E-A849-4010-9A83-6E491084BDE6}.Release|Any CPU.Build.0 = Release|Any CPU
		{F8AC486F-037C-4E52-ADF5-D3AD15F5F820}.Debug|Any CPU.ActiveCfg = Debug|Any CPU
		{F8AC486F-037C-4E52-ADF5-D3AD15F5F820}.Debug|Any CPU.Build.0 = Debug|Any CPU
		{F8AC486F-037C-4E52-ADF5-D3AD15F5F820}.Release|Any CPU.ActiveCfg = Release|Any CPU
		{F8AC486F-037C-4E52-ADF5-D3AD15F5F820}.Release|Any CPU.Build.0 = Release|Any CPU
		{766711B7-A394-411A-B325-DA8D13B785A0}.Debug|Any CPU.ActiveCfg = Debug|Any CPU
		{766711B7-A394-411A-B325-DA8D13B785A0}.Debug|Any CPU.Build.0 = Debug|Any CPU
		{766711B7-A394-411A-B325-DA8D13B785A0}.Release|Any CPU.ActiveCfg = Release|Any CPU
		{766711B7-A394-411A-B325-DA8D13B785A0}.Release|Any CPU.Build.0 = Release|Any CPU
		{798F0D56-E122-4269-BBB0-E985BA953DD8}.Debug|Any CPU.ActiveCfg = Debug|Any CPU
		{798F0D56-E122-4269-BBB0-E985BA953DD8}.Debug|Any CPU.Build.0 = Debug|Any CPU
		{798F0D56-E122-4269-BBB0-E985BA953DD8}.Release|Any CPU.ActiveCfg = Release|Any CPU
		{798F0D56-E122-4269-BBB0-E985BA953DD8}.Release|Any CPU.Build.0 = Release|Any CPU
		{C9C7E9E2-9C9C-4BB1-847E-E4AE20AF13EF}.Debug|Any CPU.ActiveCfg = Debug|Any CPU
		{C9C7E9E2-9C9C-4BB1-847E-E4AE20AF13EF}.Debug|Any CPU.Build.0 = Debug|Any CPU
		{C9C7E9E2-9C9C-4BB1-847E-E4AE20AF13EF}.Release|Any CPU.ActiveCfg = Release|Any CPU
		{C9C7E9E2-9C9C-4BB1-847E-E4AE20AF13EF}.Release|Any CPU.Build.0 = Release|Any CPU
		{894DBB9E-5024-41D8-8455-9A0774379A6E}.Debug|Any CPU.ActiveCfg = Debug|Any CPU
		{894DBB9E-5024-41D8-8455-9A0774379A6E}.Debug|Any CPU.Build.0 = Debug|Any CPU
		{894DBB9E-5024-41D8-8455-9A0774379A6E}.Release|Any CPU.ActiveCfg = Release|Any CPU
		{894DBB9E-5024-41D8-8455-9A0774379A6E}.Release|Any CPU.Build.0 = Release|Any CPU
		{A9FA7B11-B7DF-4449-8DCC-D4B7B090BBEC}.Debug|Any CPU.ActiveCfg = Debug|Any CPU
		{A9FA7B11-B7DF-4449-8DCC-D4B7B090BBEC}.Debug|Any CPU.Build.0 = Debug|Any CPU
		{A9FA7B11-B7DF-4449-8DCC-D4B7B090BBEC}.Release|Any CPU.ActiveCfg = Release|Any CPU
		{A9FA7B11-B7DF-4449-8DCC-D4B7B090BBEC}.Release|Any CPU.Build.0 = Release|Any CPU
		{6CC7F0B0-C5CC-455D-A936-10CCFC9A7676}.Debug|Any CPU.ActiveCfg = Debug|Any CPU
		{6CC7F0B0-C5CC-455D-A936-10CCFC9A7676}.Debug|Any CPU.Build.0 = Debug|Any CPU
		{6CC7F0B0-C5CC-455D-A936-10CCFC9A7676}.Release|Any CPU.ActiveCfg = Release|Any CPU
		{6CC7F0B0-C5CC-455D-A936-10CCFC9A7676}.Release|Any CPU.Build.0 = Release|Any CPU
		{3D4C85EC-2A0A-4FA7-90C7-A83684F85BC2}.Debug|Any CPU.ActiveCfg = Debug|Any CPU
		{3D4C85EC-2A0A-4FA7-90C7-A83684F85BC2}.Debug|Any CPU.Build.0 = Debug|Any CPU
		{3D4C85EC-2A0A-4FA7-90C7-A83684F85BC2}.Release|Any CPU.ActiveCfg = Release|Any CPU
		{3D4C85EC-2A0A-4FA7-90C7-A83684F85BC2}.Release|Any CPU.Build.0 = Release|Any CPU
		{623F8574-EFFA-4234-9C51-BEC273372B5E}.Debug|Any CPU.ActiveCfg = Debug|Any CPU
		{623F8574-EFFA-4234-9C51-BEC273372B5E}.Debug|Any CPU.Build.0 = Debug|Any CPU
		{623F8574-EFFA-4234-9C51-BEC273372B5E}.Release|Any CPU.ActiveCfg = Release|Any CPU
		{623F8574-EFFA-4234-9C51-BEC273372B5E}.Release|Any CPU.Build.0 = Release|Any CPU
		{4F6E5CD5-18D2-40F2-A1C6-0362AE83DCF4}.Debug|Any CPU.ActiveCfg = Debug|Any CPU
		{4F6E5CD5-18D2-40F2-A1C6-0362AE83DCF4}.Debug|Any CPU.Build.0 = Debug|Any CPU
		{4F6E5CD5-18D2-40F2-A1C6-0362AE83DCF4}.Release|Any CPU.ActiveCfg = Release|Any CPU
		{4F6E5CD5-18D2-40F2-A1C6-0362AE83DCF4}.Release|Any CPU.Build.0 = Release|Any CPU
		{4921E7F0-880B-42DF-A8B9-5058DA555794}.Debug|Any CPU.ActiveCfg = Debug|Any CPU
		{4921E7F0-880B-42DF-A8B9-5058DA555794}.Debug|Any CPU.Build.0 = Debug|Any CPU
		{4921E7F0-880B-42DF-A8B9-5058DA555794}.Release|Any CPU.ActiveCfg = Release|Any CPU
		{4921E7F0-880B-42DF-A8B9-5058DA555794}.Release|Any CPU.Build.0 = Release|Any CPU
		{B1FFF1C9-C89A-49B1-9BCF-29B94EAFD21F}.Debug|Any CPU.ActiveCfg = Debug|Any CPU
		{B1FFF1C9-C89A-49B1-9BCF-29B94EAFD21F}.Debug|Any CPU.Build.0 = Debug|Any CPU
		{B1FFF1C9-C89A-49B1-9BCF-29B94EAFD21F}.Release|Any CPU.ActiveCfg = Release|Any CPU
		{B1FFF1C9-C89A-49B1-9BCF-29B94EAFD21F}.Release|Any CPU.Build.0 = Release|Any CPU
		{DB39102C-6084-4654-A916-DC2F58A1BA23}.Debug|Any CPU.ActiveCfg = Debug|Any CPU
		{DB39102C-6084-4654-A916-DC2F58A1BA23}.Debug|Any CPU.Build.0 = Debug|Any CPU
		{DB39102C-6084-4654-A916-DC2F58A1BA23}.Release|Any CPU.ActiveCfg = Release|Any CPU
		{DB39102C-6084-4654-A916-DC2F58A1BA23}.Release|Any CPU.Build.0 = Release|Any CPU
		{AE7FE91A-16FA-44EB-8EE0-A6F47ED06CE7}.Debug|Any CPU.ActiveCfg = Debug|Any CPU
		{AE7FE91A-16FA-44EB-8EE0-A6F47ED06CE7}.Debug|Any CPU.Build.0 = Debug|Any CPU
		{AE7FE91A-16FA-44EB-8EE0-A6F47ED06CE7}.Release|Any CPU.ActiveCfg = Release|Any CPU
		{AE7FE91A-16FA-44EB-8EE0-A6F47ED06CE7}.Release|Any CPU.Build.0 = Release|Any CPU
		{A06B628F-FAF3-4EDA-8EF0-B1E7643667C3}.Debug|Any CPU.ActiveCfg = Debug|Any CPU
		{A06B628F-FAF3-4EDA-8EF0-B1E7643667C3}.Debug|Any CPU.Build.0 = Debug|Any CPU
		{A06B628F-FAF3-4EDA-8EF0-B1E7643667C3}.Release|Any CPU.ActiveCfg = Release|Any CPU
		{A06B628F-FAF3-4EDA-8EF0-B1E7643667C3}.Release|Any CPU.Build.0 = Release|Any CPU
		{121E5C55-7593-447A-8B11-8EEB20232654}.Debug|Any CPU.ActiveCfg = Debug|Any CPU
		{121E5C55-7593-447A-8B11-8EEB20232654}.Debug|Any CPU.Build.0 = Debug|Any CPU
		{121E5C55-7593-447A-8B11-8EEB20232654}.Release|Any CPU.ActiveCfg = Release|Any CPU
		{121E5C55-7593-447A-8B11-8EEB20232654}.Release|Any CPU.Build.0 = Release|Any CPU
		{6CB9398C-4D7A-4607-B62A-47A65F12AA4E}.Debug|Any CPU.ActiveCfg = Debug|Any CPU
		{6CB9398C-4D7A-4607-B62A-47A65F12AA4E}.Debug|Any CPU.Build.0 = Debug|Any CPU
		{6CB9398C-4D7A-4607-B62A-47A65F12AA4E}.Release|Any CPU.ActiveCfg = Release|Any CPU
		{6CB9398C-4D7A-4607-B62A-47A65F12AA4E}.Release|Any CPU.Build.0 = Release|Any CPU
		{1A960BE4-C120-4514-8007-EA8E7DB67949}.Debug|Any CPU.ActiveCfg = Debug|Any CPU
		{1A960BE4-C120-4514-8007-EA8E7DB67949}.Debug|Any CPU.Build.0 = Debug|Any CPU
		{1A960BE4-C120-4514-8007-EA8E7DB67949}.Release|Any CPU.ActiveCfg = Release|Any CPU
		{1A960BE4-C120-4514-8007-EA8E7DB67949}.Release|Any CPU.Build.0 = Release|Any CPU
		{BEF970A1-BA67-408E-8197-5FA712127946}.Debug|Any CPU.ActiveCfg = Debug|Any CPU
		{BEF970A1-BA67-408E-8197-5FA712127946}.Debug|Any CPU.Build.0 = Debug|Any CPU
		{BEF970A1-BA67-408E-8197-5FA712127946}.Release|Any CPU.ActiveCfg = Release|Any CPU
		{BEF970A1-BA67-408E-8197-5FA712127946}.Release|Any CPU.Build.0 = Release|Any CPU
		{B5D1C010-8372-4F66-8441-4BEBE75FB418}.Debug|Any CPU.ActiveCfg = Debug|Any CPU
		{B5D1C010-8372-4F66-8441-4BEBE75FB418}.Debug|Any CPU.Build.0 = Debug|Any CPU
		{B5D1C010-8372-4F66-8441-4BEBE75FB418}.Release|Any CPU.ActiveCfg = Release|Any CPU
		{B5D1C010-8372-4F66-8441-4BEBE75FB418}.Release|Any CPU.Build.0 = Release|Any CPU
		{4AD2338D-6132-4FD8-8343-9AF548E467BB}.Debug|Any CPU.ActiveCfg = Debug|Any CPU
		{4AD2338D-6132-4FD8-8343-9AF548E467BB}.Debug|Any CPU.Build.0 = Debug|Any CPU
		{4AD2338D-6132-4FD8-8343-9AF548E467BB}.Release|Any CPU.ActiveCfg = Release|Any CPU
		{4AD2338D-6132-4FD8-8343-9AF548E467BB}.Release|Any CPU.Build.0 = Release|Any CPU
	EndGlobalSection
	GlobalSection(SolutionProperties) = preSolution
		HideSolutionNode = FALSE
	EndGlobalSection
	GlobalSection(NestedProjects) = preSolution
		{AC21B8B7-9AFB-4E5C-B5CB-CC4C006D91E2} = {7289C92A-A4C1-4496-BC70-7C2F3EC0E774}
		{5F2DA27F-778D-4FBB-85CB-C8B660E5CD91} = {7289C92A-A4C1-4496-BC70-7C2F3EC0E774}
		{3DB7CE38-51A3-4BE2-9609-AB91EE387021} = {7289C92A-A4C1-4496-BC70-7C2F3EC0E774}
		{7B145D19-5939-4A3D-9C70-0DC343E1CCA4} = {A4A9BA95-589D-46DA-A65A-FEC8CD1FD4EB}
		{A19FDBB2-67D0-4113-8111-5F7B2A277C31} = {A4A9BA95-589D-46DA-A65A-FEC8CD1FD4EB}
		{B9B27047-77F9-4B05-AFD1-93998B1A8BED} = {6FBFD3A8-0A67-48C4-8163-3E4819A9F5BB}
		{41B2CDA9-077E-43FE-89F1-2069B3A9DBA3} = {6FBFD3A8-0A67-48C4-8163-3E4819A9F5BB}
		{09F36C7A-CFAD-4C8D-A6D8-4D4B78697362} = {6FBFD3A8-0A67-48C4-8163-3E4819A9F5BB}
		{C2569453-D280-4746-BC73-FE257290D867} = {6FBFD3A8-0A67-48C4-8163-3E4819A9F5BB}
		{6BFCA641-6CDB-4546-A103-6CD28B78D899} = {65351CAB-0FC0-4C8D-BCAE-35CF4E306A1F}
		{0B6A65F0-2586-4F42-B77A-6A933B98B00A} = {65351CAB-0FC0-4C8D-BCAE-35CF4E306A1F}
		{C18EF198-55B8-46DB-A950-20E542C4B914} = {65351CAB-0FC0-4C8D-BCAE-35CF4E306A1F}
		{1E2F1DF4-8012-467F-9F36-83D5EFFC64B1} = {65351CAB-0FC0-4C8D-BCAE-35CF4E306A1F}
		{AAB0F77E-C97E-42F5-8931-8E2B6027CFC3} = {1E2F1DF4-8012-467F-9F36-83D5EFFC64B1}
		{FE6B29AD-56C2-40DC-8B45-BEF96B3B46B5} = {1E2F1DF4-8012-467F-9F36-83D5EFFC64B1}
		{9A2C54CE-EA2B-48CD-8C6F-E579C7337168} = {1E2F1DF4-8012-467F-9F36-83D5EFFC64B1}
		{4A4499BF-979E-4C55-B053-BF0C56F0565E} = {1E2F1DF4-8012-467F-9F36-83D5EFFC64B1}
		{E5A7B58B-B995-4519-9CD9-690829CBB65F} = {00976398-ADD1-44B6-851D-C5B2A8A1DF52}
		{044E4012-FF32-4115-B999-5D94A81D0B30} = {9EC2DE41-3638-471E-8A75-6B08266C732A}
		{13338266-90DA-44E8-B498-A948E629BB69} = {9EC2DE41-3638-471E-8A75-6B08266C732A}
		{0DC049C3-9824-430E-B83D-CB03A579B980} = {F373792C-F210-4CD8-B48B-25CDA015291A}
		{F574AB45-3831-4361-8134-41C8F45A12B5} = {F373792C-F210-4CD8-B48B-25CDA015291A}
		{6E948AAE-7295-49B2-B742-B2BCC7E27291} = {F373792C-F210-4CD8-B48B-25CDA015291A}
		{D02F39BC-E9C9-416B-A732-418EBD342C18} = {F373792C-F210-4CD8-B48B-25CDA015291A}
		{CE77650D-C8C6-420B-9F59-DF4E8B103C88} = {F373792C-F210-4CD8-B48B-25CDA015291A}
		{D27A6E45-396C-41DD-9BD1-34BB2A764CBD} = {F373792C-F210-4CD8-B48B-25CDA015291A}
		{709A4F4A-4F91-4536-A60F-8099DF0CC4F1} = {F373792C-F210-4CD8-B48B-25CDA015291A}
		{B013E44A-DBF7-4B78-A2D9-7E3278FB14FC} = {F373792C-F210-4CD8-B48B-25CDA015291A}
		{C26EC2B8-5B39-4B7A-A8B3-F2445461E355} = {D432631D-AF66-4259-AEED-6F0EB7C01509}
		{BA8ACE38-C73F-4881-92D4-E4C3BB07839F} = {D432631D-AF66-4259-AEED-6F0EB7C01509}
		{F0A1C8D4-D851-4920-B3FA-ED1FD8EEEE98} = {2D86B0BA-B035-43F5-BC1D-F752E3C6767D}
		{0C60579E-00C6-40DB-AAC8-123FCC3F4B36} = {2D86B0BA-B035-43F5-BC1D-F752E3C6767D}
		{86DB65F4-45CE-4496-B6CB-0BF727B40EE9} = {2D86B0BA-B035-43F5-BC1D-F752E3C6767D}
		{F2A39E3E-A849-4010-9A83-6E491084BDE6} = {FE7E5FEF-EBBE-453F-BBE7-BD9C8DD529DB}
		{F8AC486F-037C-4E52-ADF5-D3AD15F5F820} = {C10017C9-4AEB-4668-9B03-F380706E1190}
		{766711B7-A394-411A-B325-DA8D13B785A0} = {1415BB13-8CE4-4E54-BFC0-E6AE1FC0CC52}
		{798F0D56-E122-4269-BBB0-E985BA953DD8} = {1415BB13-8CE4-4E54-BFC0-E6AE1FC0CC52}
		{C9C7E9E2-9C9C-4BB1-847E-E4AE20AF13EF} = {1415BB13-8CE4-4E54-BFC0-E6AE1FC0CC52}
		{FE7E5FEF-EBBE-453F-BBE7-BD9C8DD529DB} = {2D86B0BA-B035-43F5-BC1D-F752E3C6767D}
		{894DBB9E-5024-41D8-8455-9A0774379A6E} = {FE7E5FEF-EBBE-453F-BBE7-BD9C8DD529DB}
		{A9FA7B11-B7DF-4449-8DCC-D4B7B090BBEC} = {5C792E67-35A9-43D9-AA20-56CB26A16355}
		{6CC7F0B0-C5CC-455D-A936-10CCFC9A7676} = {552FE27B-C569-49DD-9282-E502F0AE7411}
		{3D4C85EC-2A0A-4FA7-90C7-A83684F85BC2} = {552FE27B-C569-49DD-9282-E502F0AE7411}
		{623F8574-EFFA-4234-9C51-BEC273372B5E} = {552FE27B-C569-49DD-9282-E502F0AE7411}
		{4F6E5CD5-18D2-40F2-A1C6-0362AE83DCF4} = {1415BB13-8CE4-4E54-BFC0-E6AE1FC0CC52}
		{4921E7F0-880B-42DF-A8B9-5058DA555794} = {FF4AC99B-0809-413D-9909-44A348A1CA87}
		{B1FFF1C9-C89A-49B1-9BCF-29B94EAFD21F} = {74E60A3A-D40B-4150-A660-6D93D08ACBAA}
		{DB39102C-6084-4654-A916-DC2F58A1BA23} = {FF4AC99B-0809-413D-9909-44A348A1CA87}
		{AE7FE91A-16FA-44EB-8EE0-A6F47ED06CE7} = {FF4AC99B-0809-413D-9909-44A348A1CA87}
		{A06B628F-FAF3-4EDA-8EF0-B1E7643667C3} = {FF4AC99B-0809-413D-9909-44A348A1CA87}
		{121E5C55-7593-447A-8B11-8EEB20232654} = {74E60A3A-D40B-4150-A660-6D93D08ACBAA}
		{6CB9398C-4D7A-4607-B62A-47A65F12AA4E} = {C6DA1979-1EE8-4BDF-9E56-6A6FDE247B82}
		{1A960BE4-C120-4514-8007-EA8E7DB67949} = {C6DA1979-1EE8-4BDF-9E56-6A6FDE247B82}
		{BEF970A1-BA67-408E-8197-5FA712127946} = {EDCAF71A-FCD2-4980-BDF1-DB49B27B3F85}
		{B5D1C010-8372-4F66-8441-4BEBE75FB418} = {EDCAF71A-FCD2-4980-BDF1-DB49B27B3F85}
		{4AD2338D-6132-4FD8-8343-9AF548E467BB} = {EDCAF71A-FCD2-4980-BDF1-DB49B27B3F85}
	EndGlobalSection
	GlobalSection(ExtensibilityGlobals) = postSolution
		SolutionGuid = {38A5A4DC-222F-48FE-9002-1F30ECEA4901}
	EndGlobalSection
EndGlobal
